
Microsoft Visual Studio Solution File, Format Version 12.00
# Visual Studio Version 17
VisualStudioVersion = 17.8.34511.84
MinimumVisualStudioVersion = 10.0.40219.1
Project("{2150E333-8FDC-42A3-9474-1A3956D46DE8}") = "Frontend", "Frontend", "{514A7BAE-006F-4253-9D74-8A0F1F27A6D9}"
EndProject
Project("{2150E333-8FDC-42A3-9474-1A3956D46DE8}") = "Gateway", "Gateway", "{4715E701-7C95-4C58-82FF-23CC4F510C5E}"
EndProject
Project("{2150E333-8FDC-42A3-9474-1A3956D46DE8}") = "Integration", "Integration", "{24D0808F-514D-4843-88D8-319375F1E425}"
EndProject
Project("{2150E333-8FDC-42A3-9474-1A3956D46DE8}") = "Services", "Services", "{12DCC9F4-2F7A-4651-9B8B-91279E681EB7}"
EndProject
Project("{9A19103F-16F7-4668-BE54-9A1E7A4F7556}") = "coupon", "coupon\coupon.csproj", "{34BD874D-45A3-46D8-89A2-64CF05151DB4}"
EndProject
Project("{FAE04EC0-301F-11D3-BF4B-00C04F79EFBC}") = "MangoWeb", "MangoWeb\MangoWeb.csproj", "{5D6CCD27-7301-41C7-A5AE-643DC8415D1E}"
EndProject
Global
	GlobalSection(SolutionConfigurationPlatforms) = preSolution
		Debug|Any CPU = Debug|Any CPU
		Release|Any CPU = Release|Any CPU
	EndGlobalSection
	GlobalSection(ProjectConfigurationPlatforms) = postSolution
		{34BD874D-45A3-46D8-89A2-64CF05151DB4}.Debug|Any CPU.ActiveCfg = Debug|Any CPU
		{34BD874D-45A3-46D8-89A2-64CF05151DB4}.Debug|Any CPU.Build.0 = Debug|Any CPU
		{34BD874D-45A3-46D8-89A2-64CF05151DB4}.Release|Any CPU.ActiveCfg = Release|Any CPU
		{34BD874D-45A3-46D8-89A2-64CF05151DB4}.Release|Any CPU.Build.0 = Release|Any CPU
		{5D6CCD27-7301-41C7-A5AE-643DC8415D1E}.Debug|Any CPU.ActiveCfg = Debug|Any CPU
		{5D6CCD27-7301-41C7-A5AE-643DC8415D1E}.Debug|Any CPU.Build.0 = Debug|Any CPU
		{5D6CCD27-7301-41C7-A5AE-643DC8415D1E}.Release|Any CPU.ActiveCfg = Release|Any CPU
		{5D6CCD27-7301-41C7-A5AE-643DC8415D1E}.Release|Any CPU.Build.0 = Release|Any CPU
	EndGlobalSection
	GlobalSection(SolutionProperties) = preSolution
		HideSolutionNode = FALSE
	EndGlobalSection
	GlobalSection(NestedProjects) = preSolution
		{34BD874D-45A3-46D8-89A2-64CF05151DB4} = {12DCC9F4-2F7A-4651-9B8B-91279E681EB7}
		{5D6CCD27-7301-41C7-A5AE-643DC8415D1E} = {514A7BAE-006F-4253-9D74-8A0F1F27A6D9}
	EndGlobalSection
	GlobalSection(ExtensibilityGlobals) = postSolution
		SolutionGuid = {0AD379D1-DC8F-4765-807C-01F670B3135F}
	EndGlobalSection
EndGlobal
